// !$*UTF8*$!
{
	archiveVersion = 1;
	classes = {
	};
	objectVersion = 46;
	objects = {

/* Begin PBXBuildFile section */
		A00773D21400581D00EC71A6 /* Bussy-Icon-Retina.png in Resources */ = {isa = PBXBuildFile; fileRef = A00773D11400581D00EC71A6 /* Bussy-Icon-Retina.png */; };
		A00773D41400582800EC71A6 /* Bussy-Icon.png in Resources */ = {isa = PBXBuildFile; fileRef = A00773D31400582800EC71A6 /* Bussy-Icon.png */; };
		A009DFFD14007D19006E1976 /* BussyTableHeaderView.m in Sources */ = {isa = PBXBuildFile; fileRef = A009DFFC14007D19006E1976 /* BussyTableHeaderView.m */; };
		A009DFFF14007D53006E1976 /* BussyTableHeaderView.xib in Resources */ = {isa = PBXBuildFile; fileRef = A009DFFE14007D53006E1976 /* BussyTableHeaderView.xib */; };
		A00E7D1B13F8D720005CFAEC /* world@2x.png in Resources */ = {isa = PBXBuildFile; fileRef = A00E7D1A13F8D720005CFAEC /* world@2x.png */; };
		A00E7D1D13F8D731005CFAEC /* star@2x.png in Resources */ = {isa = PBXBuildFile; fileRef = A00E7D1C13F8D731005CFAEC /* star@2x.png */; };
		A00E7D1F13F8D742005CFAEC /* preferences@2x.png in Resources */ = {isa = PBXBuildFile; fileRef = A00E7D1E13F8D742005CFAEC /* preferences@2x.png */; };
		A00E7D2113F8D7C6005CFAEC /* indicator@2x.png in Resources */ = {isa = PBXBuildFile; fileRef = A00E7D2013F8D7C6005CFAEC /* indicator@2x.png */; };
		A01AFFAE1400D2C800C2A0B2 /* AudioToolbox.framework in Frameworks */ = {isa = PBXBuildFile; fileRef = A01AFFAD1400D2C800C2A0B2 /* AudioToolbox.framework */; };
		A01AFFB61400D87500C2A0B2 /* click.wav in Resources */ = {isa = PBXBuildFile; fileRef = A01AFFB51400D87500C2A0B2 /* click.wav */; };
		A01AFFB91400DD4D00C2A0B2 /* topAndBottomRow.png in Resources */ = {isa = PBXBuildFile; fileRef = A01AFFB71400DD4D00C2A0B2 /* topAndBottomRow.png */; };
		A01AFFBC1400DE0100C2A0B2 /* topAndBottomRowSelected.png in Resources */ = {isa = PBXBuildFile; fileRef = A01AFFBB1400DE0100C2A0B2 /* topAndBottomRowSelected.png */; };
		A01AFFC61400E1D800C2A0B2 /* Background.png in Resources */ = {isa = PBXBuildFile; fileRef = A01AFFC51400E1D800C2A0B2 /* Background.png */; };
		A01AFFCC1400E67600C2A0B2 /* SectionHeaderBackground.png in Resources */ = {isa = PBXBuildFile; fileRef = A01AFFCB1400E67600C2A0B2 /* SectionHeaderBackground.png */; };
		A01AFFCF1400E7B400C2A0B2 /* Default.png in Resources */ = {isa = PBXBuildFile; fileRef = A01AFFCD1400E7B400C2A0B2 /* Default.png */; };
		A01AFFD01400E7B400C2A0B2 /* Default@2x.png in Resources */ = {isa = PBXBuildFile; fileRef = A01AFFCE1400E7B400C2A0B2 /* Default@2x.png */; };
		A02B3E5D13BD83E7009FCCE3 /* Stop.m in Sources */ = {isa = PBXBuildFile; fileRef = A02B3E5C13BD83E7009FCCE3 /* Stop.m */; };
		A05B65EB13C828020039D219 /* StopRouteDetailsViewController.m in Sources */ = {isa = PBXBuildFile; fileRef = A05B65E913C828020039D219 /* StopRouteDetailsViewController.m */; };
		A05B65EC13C828020039D219 /* StopRouteDetailsViewController.xib in Resources */ = {isa = PBXBuildFile; fileRef = A05B65EA13C828020039D219 /* StopRouteDetailsViewController.xib */; };
		A063462813BC537300CB5168 /* UIKit.framework in Frameworks */ = {isa = PBXBuildFile; fileRef = A063462713BC537300CB5168 /* UIKit.framework */; };
		A063462A13BC537300CB5168 /* Foundation.framework in Frameworks */ = {isa = PBXBuildFile; fileRef = A063462913BC537300CB5168 /* Foundation.framework */; };
		A063462C13BC537300CB5168 /* CoreGraphics.framework in Frameworks */ = {isa = PBXBuildFile; fileRef = A063462B13BC537300CB5168 /* CoreGraphics.framework */; };
		A063463213BC537300CB5168 /* InfoPlist.strings in Resources */ = {isa = PBXBuildFile; fileRef = A063463013BC537300CB5168 /* InfoPlist.strings */; };
		A063463513BC537300CB5168 /* main.m in Sources */ = {isa = PBXBuildFile; fileRef = A063463413BC537300CB5168 /* main.m */; };
		A063463813BC537300CB5168 /* BussyAppDelegate.m in Sources */ = {isa = PBXBuildFile; fileRef = A063463713BC537300CB5168 /* BussyAppDelegate.m */; };
		A063463B13BC537300CB5168 /* MainWindow.xib in Resources */ = {isa = PBXBuildFile; fileRef = A063463913BC537300CB5168 /* MainWindow.xib */; };
		A063463E13BC537300CB5168 /* MyRoutesViewController.m in Sources */ = {isa = PBXBuildFile; fileRef = A063463D13BC537300CB5168 /* MyRoutesViewController.m */; };
		A063464113BC537300CB5168 /* MyRoutesViewController.xib in Resources */ = {isa = PBXBuildFile; fileRef = A063463F13BC537300CB5168 /* MyRoutesViewController.xib */; };
		A063464813BC537300CB5168 /* UIKit.framework in Frameworks */ = {isa = PBXBuildFile; fileRef = A063462713BC537300CB5168 /* UIKit.framework */; };
		A063464913BC537300CB5168 /* Foundation.framework in Frameworks */ = {isa = PBXBuildFile; fileRef = A063462913BC537300CB5168 /* Foundation.framework */; };
		A063464A13BC537300CB5168 /* CoreGraphics.framework in Frameworks */ = {isa = PBXBuildFile; fileRef = A063462B13BC537300CB5168 /* CoreGraphics.framework */; };
		A063465213BC537300CB5168 /* InfoPlist.strings in Resources */ = {isa = PBXBuildFile; fileRef = A063465013BC537300CB5168 /* InfoPlist.strings */; };
		A063465513BC537300CB5168 /* BussyTests.h in Resources */ = {isa = PBXBuildFile; fileRef = A063465413BC537300CB5168 /* BussyTests.h */; };
		A063465713BC537300CB5168 /* BussyTests.m in Sources */ = {isa = PBXBuildFile; fileRef = A063465613BC537300CB5168 /* BussyTests.m */; };
		A063466213BC5AFA00CB5168 /* TranslinkAdapter.m in Sources */ = {isa = PBXBuildFile; fileRef = A063466113BC5AFA00CB5168 /* TranslinkAdapter.m */; };
		A063466513BC5B8E00CB5168 /* StopRoute.m in Sources */ = {isa = PBXBuildFile; fileRef = A063466413BC5B8E00CB5168 /* StopRoute.m */; };
		A07BE4EB13C806DA008CE68D /* StopRouteCollection.m in Sources */ = {isa = PBXBuildFile; fileRef = A07BE4EA13C806DA008CE68D /* StopRouteCollection.m */; };
		A07E596913C16CE5004EBC0D /* AddStopViewController.m in Sources */ = {isa = PBXBuildFile; fileRef = A07E596713C16CE5004EBC0D /* AddStopViewController.m */; };
		A07E596A13C16CE5004EBC0D /* AddStopViewController.xib in Resources */ = {isa = PBXBuildFile; fileRef = A07E596813C16CE5004EBC0D /* AddStopViewController.xib */; };
		A07FE81013EBCFFB00567B09 /* NSObject+SBJson.m in Sources */ = {isa = PBXBuildFile; fileRef = A07FE7FA13EBCFFB00567B09 /* NSObject+SBJson.m */; };
		A07FE81113EBCFFB00567B09 /* SBJsonParser.m in Sources */ = {isa = PBXBuildFile; fileRef = A07FE7FD13EBCFFB00567B09 /* SBJsonParser.m */; };
		A07FE81213EBCFFB00567B09 /* SBJsonStreamParser.m in Sources */ = {isa = PBXBuildFile; fileRef = A07FE7FF13EBCFFB00567B09 /* SBJsonStreamParser.m */; };
		A07FE81313EBCFFB00567B09 /* SBJsonStreamParserAccumulator.m in Sources */ = {isa = PBXBuildFile; fileRef = A07FE80113EBCFFB00567B09 /* SBJsonStreamParserAccumulator.m */; };
		A07FE81413EBCFFB00567B09 /* SBJsonStreamParserState.m in Sources */ = {isa = PBXBuildFile; fileRef = A07FE80313EBCFFB00567B09 /* SBJsonStreamParserState.m */; };
		A07FE81513EBCFFB00567B09 /* SBJsonStreamWriter.m in Sources */ = {isa = PBXBuildFile; fileRef = A07FE80513EBCFFB00567B09 /* SBJsonStreamWriter.m */; };
		A07FE81613EBCFFB00567B09 /* SBJsonStreamWriterAccumulator.m in Sources */ = {isa = PBXBuildFile; fileRef = A07FE80713EBCFFB00567B09 /* SBJsonStreamWriterAccumulator.m */; };
		A07FE81713EBCFFB00567B09 /* SBJsonStreamWriterState.m in Sources */ = {isa = PBXBuildFile; fileRef = A07FE80913EBCFFB00567B09 /* SBJsonStreamWriterState.m */; };
		A07FE81813EBCFFB00567B09 /* SBJsonTokeniser.m in Sources */ = {isa = PBXBuildFile; fileRef = A07FE80B13EBCFFB00567B09 /* SBJsonTokeniser.m */; };
		A07FE81913EBCFFB00567B09 /* SBJsonUTF8Stream.m in Sources */ = {isa = PBXBuildFile; fileRef = A07FE80D13EBCFFB00567B09 /* SBJsonUTF8Stream.m */; };
		A07FE81A13EBCFFB00567B09 /* SBJsonWriter.m in Sources */ = {isa = PBXBuildFile; fileRef = A07FE80F13EBCFFB00567B09 /* SBJsonWriter.m */; };
		A080847013C56B7D00DEC160 /* StopRouteChooserViewController.m in Sources */ = {isa = PBXBuildFile; fileRef = A080846E13C56B7D00DEC160 /* StopRouteChooserViewController.m */; };
		A080847113C56B7D00DEC160 /* StopRouteChooserViewController.xib in Resources */ = {isa = PBXBuildFile; fileRef = A080846F13C56B7D00DEC160 /* StopRouteChooserViewController.xib */; };
		A0B2353F13F751E400018A59 /* TranslinkColors.m in Sources */ = {isa = PBXBuildFile; fileRef = A0B2353E13F751E400018A59 /* TranslinkColors.m */; };
		A0B2354713F7643600018A59 /* indicator.png in Resources */ = {isa = PBXBuildFile; fileRef = A0B2354613F7643600018A59 /* indicator.png */; };
		A0BEB29813C8634300F5F29F /* WatchedStopRoutesCollection.m in Sources */ = {isa = PBXBuildFile; fileRef = A0BEB29713C8634300F5F29F /* WatchedStopRoutesCollection.m */; };
		A0D89D2013F89A2F0094FA13 /* MBProgressHUD.m in Sources */ = {isa = PBXBuildFile; fileRef = A0D89D1F13F89A2F0094FA13 /* MBProgressHUD.m */; };
		A0D89D2313F8ACF60094FA13 /* AbstractFancyViewController.m in Sources */ = {isa = PBXBuildFile; fileRef = A0D89D2213F8ACF60094FA13 /* AbstractFancyViewController.m */; };
		A0D89D2713F8BDB50094FA13 /* AboutViewController.m in Sources */ = {isa = PBXBuildFile; fileRef = A0D89D2513F8BDB50094FA13 /* AboutViewController.m */; };
		A0D89D2813F8BDB50094FA13 /* AboutViewController.xib in Resources */ = {isa = PBXBuildFile; fileRef = A0D89D2613F8BDB50094FA13 /* AboutViewController.xib */; };
		A0F305A513F86162004F431A /* preferences.png in Resources */ = {isa = PBXBuildFile; fileRef = A0F3056513F86162004F431A /* preferences.png */; };
		A0F305B213F86162004F431A /* star.png in Resources */ = {isa = PBXBuildFile; fileRef = A0F3057213F86162004F431A /* star.png */; };
		A0F305B513F86162004F431A /* world.png in Resources */ = {isa = PBXBuildFile; fileRef = A0F3057513F86162004F431A /* world.png */; };
/* End PBXBuildFile section */

/* Begin PBXContainerItemProxy section */
		A063464B13BC537300CB5168 /* PBXContainerItemProxy */ = {
			isa = PBXContainerItemProxy;
			containerPortal = A063461A13BC537300CB5168 /* Project object */;
			proxyType = 1;
			remoteGlobalIDString = A063462213BC537300CB5168;
			remoteInfo = Bussy;
		};
/* End PBXContainerItemProxy section */

/* Begin PBXFileReference section */
		A00773D11400581D00EC71A6 /* Bussy-Icon-Retina.png */ = {isa = PBXFileReference; lastKnownFileType = image.png; path = "Bussy-Icon-Retina.png"; sourceTree = "<group>"; };
		A00773D31400582800EC71A6 /* Bussy-Icon.png */ = {isa = PBXFileReference; lastKnownFileType = image.png; path = "Bussy-Icon.png"; sourceTree = "<group>"; };
		A009DFFB14007D19006E1976 /* BussyTableHeaderView.h */ = {isa = PBXFileReference; fileEncoding = 4; lastKnownFileType = sourcecode.c.h; path = BussyTableHeaderView.h; sourceTree = SOURCE_ROOT; };
		A009DFFC14007D19006E1976 /* BussyTableHeaderView.m */ = {isa = PBXFileReference; fileEncoding = 4; lastKnownFileType = sourcecode.c.objc; path = BussyTableHeaderView.m; sourceTree = SOURCE_ROOT; };
		A009DFFE14007D53006E1976 /* BussyTableHeaderView.xib */ = {isa = PBXFileReference; fileEncoding = 4; lastKnownFileType = file.xib; path = BussyTableHeaderView.xib; sourceTree = SOURCE_ROOT; };
		A00E7D1A13F8D720005CFAEC /* world@2x.png */ = {isa = PBXFileReference; lastKnownFileType = image.png; path = "world@2x.png"; sourceTree = "<group>"; };
		A00E7D1C13F8D731005CFAEC /* star@2x.png */ = {isa = PBXFileReference; lastKnownFileType = image.png; path = "star@2x.png"; sourceTree = "<group>"; };
		A00E7D1E13F8D742005CFAEC /* preferences@2x.png */ = {isa = PBXFileReference; lastKnownFileType = image.png; path = "preferences@2x.png"; sourceTree = "<group>"; };
		A00E7D2013F8D7C6005CFAEC /* indicator@2x.png */ = {isa = PBXFileReference; lastKnownFileType = image.png; path = "indicator@2x.png"; sourceTree = "<group>"; };
		A01AFFAD1400D2C800C2A0B2 /* AudioToolbox.framework */ = {isa = PBXFileReference; lastKnownFileType = wrapper.framework; name = AudioToolbox.framework; path = System/Library/Frameworks/AudioToolbox.framework; sourceTree = SDKROOT; };
		A01AFFB51400D87500C2A0B2 /* click.wav */ = {isa = PBXFileReference; lastKnownFileType = audio.wav; path = click.wav; sourceTree = "<group>"; };
		A01AFFB71400DD4D00C2A0B2 /* topAndBottomRow.png */ = {isa = PBXFileReference; lastKnownFileType = image.png; path = topAndBottomRow.png; sourceTree = "<group>"; };
		A01AFFBB1400DE0100C2A0B2 /* topAndBottomRowSelected.png */ = {isa = PBXFileReference; lastKnownFileType = image.png; path = topAndBottomRowSelected.png; sourceTree = "<group>"; };
		A01AFFC51400E1D800C2A0B2 /* Background.png */ = {isa = PBXFileReference; lastKnownFileType = image.png; path = Background.png; sourceTree = "<group>"; };
		A01AFFCB1400E67600C2A0B2 /* SectionHeaderBackground.png */ = {isa = PBXFileReference; lastKnownFileType = image.png; path = SectionHeaderBackground.png; sourceTree = "<group>"; };
		A01AFFCD1400E7B400C2A0B2 /* Default.png */ = {isa = PBXFileReference; lastKnownFileType = image.png; path = Default.png; sourceTree = "<group>"; };
		A01AFFCE1400E7B400C2A0B2 /* Default@2x.png */ = {isa = PBXFileReference; lastKnownFileType = image.png; path = "Default@2x.png"; sourceTree = "<group>"; };
		A02B3E5B13BD83E7009FCCE3 /* Stop.h */ = {isa = PBXFileReference; fileEncoding = 4; lastKnownFileType = sourcecode.c.h; path = Stop.h; sourceTree = "<group>"; };
		A02B3E5C13BD83E7009FCCE3 /* Stop.m */ = {isa = PBXFileReference; fileEncoding = 4; lastKnownFileType = sourcecode.c.objc; path = Stop.m; sourceTree = "<group>"; };
		A05B65E813C828020039D219 /* StopRouteDetailsViewController.h */ = {isa = PBXFileReference; fileEncoding = 4; lastKnownFileType = sourcecode.c.h; path = StopRouteDetailsViewController.h; sourceTree = "<group>"; };
		A05B65E913C828020039D219 /* StopRouteDetailsViewController.m */ = {isa = PBXFileReference; fileEncoding = 4; lastKnownFileType = sourcecode.c.objc; path = StopRouteDetailsViewController.m; sourceTree = "<group>"; };
		A05B65EA13C828020039D219 /* StopRouteDetailsViewController.xib */ = {isa = PBXFileReference; fileEncoding = 4; lastKnownFileType = file.xib; path = StopRouteDetailsViewController.xib; sourceTree = "<group>"; };
		A063462313BC537300CB5168 /* Bussy.app */ = {isa = PBXFileReference; explicitFileType = wrapper.application; includeInIndex = 0; path = Bussy.app; sourceTree = BUILT_PRODUCTS_DIR; };
		A063462713BC537300CB5168 /* UIKit.framework */ = {isa = PBXFileReference; lastKnownFileType = wrapper.framework; name = UIKit.framework; path = System/Library/Frameworks/UIKit.framework; sourceTree = SDKROOT; };
		A063462913BC537300CB5168 /* Foundation.framework */ = {isa = PBXFileReference; lastKnownFileType = wrapper.framework; name = Foundation.framework; path = System/Library/Frameworks/Foundation.framework; sourceTree = SDKROOT; };
		A063462B13BC537300CB5168 /* CoreGraphics.framework */ = {isa = PBXFileReference; lastKnownFileType = wrapper.framework; name = CoreGraphics.framework; path = System/Library/Frameworks/CoreGraphics.framework; sourceTree = SDKROOT; };
		A063462F13BC537300CB5168 /* Bussy-Info.plist */ = {isa = PBXFileReference; lastKnownFileType = text.plist.xml; path = "Bussy-Info.plist"; sourceTree = "<group>"; };
		A063463113BC537300CB5168 /* en */ = {isa = PBXFileReference; lastKnownFileType = text.plist.strings; name = en; path = en.lproj/InfoPlist.strings; sourceTree = "<group>"; };
		A063463313BC537300CB5168 /* Bussy-Prefix.pch */ = {isa = PBXFileReference; lastKnownFileType = sourcecode.c.h; path = "Bussy-Prefix.pch"; sourceTree = "<group>"; };
		A063463413BC537300CB5168 /* main.m */ = {isa = PBXFileReference; lastKnownFileType = sourcecode.c.objc; path = main.m; sourceTree = "<group>"; };
		A063463613BC537300CB5168 /* BussyAppDelegate.h */ = {isa = PBXFileReference; lastKnownFileType = sourcecode.c.h; path = BussyAppDelegate.h; sourceTree = "<group>"; };
		A063463713BC537300CB5168 /* BussyAppDelegate.m */ = {isa = PBXFileReference; lastKnownFileType = sourcecode.c.objc; path = BussyAppDelegate.m; sourceTree = "<group>"; };
		A063463A13BC537300CB5168 /* en */ = {isa = PBXFileReference; lastKnownFileType = file.xib; name = en; path = en.lproj/MainWindow.xib; sourceTree = "<group>"; };
		A063463C13BC537300CB5168 /* MyRoutesViewController.h */ = {isa = PBXFileReference; lastKnownFileType = sourcecode.c.h; path = MyRoutesViewController.h; sourceTree = "<group>"; };
		A063463D13BC537300CB5168 /* MyRoutesViewController.m */ = {isa = PBXFileReference; lastKnownFileType = sourcecode.c.objc; path = MyRoutesViewController.m; sourceTree = "<group>"; };
		A063464013BC537300CB5168 /* en */ = {isa = PBXFileReference; lastKnownFileType = file.xib; name = en; path = en.lproj/MyRoutesViewController.xib; sourceTree = "<group>"; };
		A063464713BC537300CB5168 /* BussyTests.octest */ = {isa = PBXFileReference; explicitFileType = wrapper.cfbundle; includeInIndex = 0; path = BussyTests.octest; sourceTree = BUILT_PRODUCTS_DIR; };
		A063464F13BC537300CB5168 /* BussyTests-Info.plist */ = {isa = PBXFileReference; lastKnownFileType = text.plist.xml; path = "BussyTests-Info.plist"; sourceTree = "<group>"; };
		A063465113BC537300CB5168 /* en */ = {isa = PBXFileReference; lastKnownFileType = text.plist.strings; name = en; path = en.lproj/InfoPlist.strings; sourceTree = "<group>"; };
		A063465313BC537300CB5168 /* BussyTests-Prefix.pch */ = {isa = PBXFileReference; lastKnownFileType = sourcecode.c.h; path = "BussyTests-Prefix.pch"; sourceTree = "<group>"; };
		A063465413BC537300CB5168 /* BussyTests.h */ = {isa = PBXFileReference; lastKnownFileType = sourcecode.c.h; path = BussyTests.h; sourceTree = "<group>"; };
		A063465613BC537300CB5168 /* BussyTests.m */ = {isa = PBXFileReference; lastKnownFileType = sourcecode.c.objc; path = BussyTests.m; sourceTree = "<group>"; };
		A063466013BC5AFA00CB5168 /* TranslinkAdapter.h */ = {isa = PBXFileReference; fileEncoding = 4; lastKnownFileType = sourcecode.c.h; path = TranslinkAdapter.h; sourceTree = "<group>"; };
		A063466113BC5AFA00CB5168 /* TranslinkAdapter.m */ = {isa = PBXFileReference; fileEncoding = 4; lastKnownFileType = sourcecode.c.objc; path = TranslinkAdapter.m; sourceTree = "<group>"; };
		A063466313BC5B8E00CB5168 /* StopRoute.h */ = {isa = PBXFileReference; fileEncoding = 4; lastKnownFileType = sourcecode.c.h; path = StopRoute.h; sourceTree = "<group>"; };
		A063466413BC5B8E00CB5168 /* StopRoute.m */ = {isa = PBXFileReference; fileEncoding = 4; lastKnownFileType = sourcecode.c.objc; path = StopRoute.m; sourceTree = "<group>"; };
		A07BE4E613C7F841008CE68D /* TranslinkObject.h */ = {isa = PBXFileReference; fileEncoding = 4; lastKnownFileType = sourcecode.c.h; path = TranslinkObject.h; sourceTree = "<group>"; };
		A07BE4E913C806DA008CE68D /* StopRouteCollection.h */ = {isa = PBXFileReference; fileEncoding = 4; lastKnownFileType = sourcecode.c.h; path = StopRouteCollection.h; sourceTree = "<group>"; };
		A07BE4EA13C806DA008CE68D /* StopRouteCollection.m */ = {isa = PBXFileReference; fileEncoding = 4; lastKnownFileType = sourcecode.c.objc; path = StopRouteCollection.m; sourceTree = "<group>"; };
		A07E596613C16CE5004EBC0D /* AddStopViewController.h */ = {isa = PBXFileReference; fileEncoding = 4; lastKnownFileType = sourcecode.c.h; name = AddStopViewController.h; path = ../AddStopViewController.h; sourceTree = "<group>"; };
		A07E596713C16CE5004EBC0D /* AddStopViewController.m */ = {isa = PBXFileReference; fileEncoding = 4; lastKnownFileType = sourcecode.c.objc; name = AddStopViewController.m; path = ../AddStopViewController.m; sourceTree = "<group>"; };
		A07E596813C16CE5004EBC0D /* AddStopViewController.xib */ = {isa = PBXFileReference; fileEncoding = 4; lastKnownFileType = file.xib; name = AddStopViewController.xib; path = ../AddStopViewController.xib; sourceTree = "<group>"; };
		A07FE7F913EBCFFB00567B09 /* NSObject+SBJson.h */ = {isa = PBXFileReference; fileEncoding = 4; lastKnownFileType = sourcecode.c.h; path = "NSObject+SBJson.h"; sourceTree = "<group>"; };
		A07FE7FA13EBCFFB00567B09 /* NSObject+SBJson.m */ = {isa = PBXFileReference; fileEncoding = 4; lastKnownFileType = sourcecode.c.objc; path = "NSObject+SBJson.m"; sourceTree = "<group>"; };
		A07FE7FB13EBCFFB00567B09 /* SBJson.h */ = {isa = PBXFileReference; fileEncoding = 4; lastKnownFileType = sourcecode.c.h; path = SBJson.h; sourceTree = "<group>"; };
		A07FE7FC13EBCFFB00567B09 /* SBJsonParser.h */ = {isa = PBXFileReference; fileEncoding = 4; lastKnownFileType = sourcecode.c.h; path = SBJsonParser.h; sourceTree = "<group>"; };
		A07FE7FD13EBCFFB00567B09 /* SBJsonParser.m */ = {isa = PBXFileReference; fileEncoding = 4; lastKnownFileType = sourcecode.c.objc; path = SBJsonParser.m; sourceTree = "<group>"; };
		A07FE7FE13EBCFFB00567B09 /* SBJsonStreamParser.h */ = {isa = PBXFileReference; fileEncoding = 4; lastKnownFileType = sourcecode.c.h; path = SBJsonStreamParser.h; sourceTree = "<group>"; };
		A07FE7FF13EBCFFB00567B09 /* SBJsonStreamParser.m */ = {isa = PBXFileReference; fileEncoding = 4; lastKnownFileType = sourcecode.c.objc; path = SBJsonStreamParser.m; sourceTree = "<group>"; };
		A07FE80013EBCFFB00567B09 /* SBJsonStreamParserAccumulator.h */ = {isa = PBXFileReference; fileEncoding = 4; lastKnownFileType = sourcecode.c.h; path = SBJsonStreamParserAccumulator.h; sourceTree = "<group>"; };
		A07FE80113EBCFFB00567B09 /* SBJsonStreamParserAccumulator.m */ = {isa = PBXFileReference; fileEncoding = 4; lastKnownFileType = sourcecode.c.objc; path = SBJsonStreamParserAccumulator.m; sourceTree = "<group>"; };
		A07FE80213EBCFFB00567B09 /* SBJsonStreamParserState.h */ = {isa = PBXFileReference; fileEncoding = 4; lastKnownFileType = sourcecode.c.h; path = SBJsonStreamParserState.h; sourceTree = "<group>"; };
		A07FE80313EBCFFB00567B09 /* SBJsonStreamParserState.m */ = {isa = PBXFileReference; fileEncoding = 4; lastKnownFileType = sourcecode.c.objc; path = SBJsonStreamParserState.m; sourceTree = "<group>"; };
		A07FE80413EBCFFB00567B09 /* SBJsonStreamWriter.h */ = {isa = PBXFileReference; fileEncoding = 4; lastKnownFileType = sourcecode.c.h; path = SBJsonStreamWriter.h; sourceTree = "<group>"; };
		A07FE80513EBCFFB00567B09 /* SBJsonStreamWriter.m */ = {isa = PBXFileReference; fileEncoding = 4; lastKnownFileType = sourcecode.c.objc; path = SBJsonStreamWriter.m; sourceTree = "<group>"; };
		A07FE80613EBCFFB00567B09 /* SBJsonStreamWriterAccumulator.h */ = {isa = PBXFileReference; fileEncoding = 4; lastKnownFileType = sourcecode.c.h; path = SBJsonStreamWriterAccumulator.h; sourceTree = "<group>"; };
		A07FE80713EBCFFB00567B09 /* SBJsonStreamWriterAccumulator.m */ = {isa = PBXFileReference; fileEncoding = 4; lastKnownFileType = sourcecode.c.objc; path = SBJsonStreamWriterAccumulator.m; sourceTree = "<group>"; };
		A07FE80813EBCFFB00567B09 /* SBJsonStreamWriterState.h */ = {isa = PBXFileReference; fileEncoding = 4; lastKnownFileType = sourcecode.c.h; path = SBJsonStreamWriterState.h; sourceTree = "<group>"; };
		A07FE80913EBCFFB00567B09 /* SBJsonStreamWriterState.m */ = {isa = PBXFileReference; fileEncoding = 4; lastKnownFileType = sourcecode.c.objc; path = SBJsonStreamWriterState.m; sourceTree = "<group>"; };
		A07FE80A13EBCFFB00567B09 /* SBJsonTokeniser.h */ = {isa = PBXFileReference; fileEncoding = 4; lastKnownFileType = sourcecode.c.h; path = SBJsonTokeniser.h; sourceTree = "<group>"; };
		A07FE80B13EBCFFB00567B09 /* SBJsonTokeniser.m */ = {isa = PBXFileReference; fileEncoding = 4; lastKnownFileType = sourcecode.c.objc; path = SBJsonTokeniser.m; sourceTree = "<group>"; };
		A07FE80C13EBCFFB00567B09 /* SBJsonUTF8Stream.h */ = {isa = PBXFileReference; fileEncoding = 4; lastKnownFileType = sourcecode.c.h; path = SBJsonUTF8Stream.h; sourceTree = "<group>"; };
		A07FE80D13EBCFFB00567B09 /* SBJsonUTF8Stream.m */ = {isa = PBXFileReference; fileEncoding = 4; lastKnownFileType = sourcecode.c.objc; path = SBJsonUTF8Stream.m; sourceTree = "<group>"; };
		A07FE80E13EBCFFB00567B09 /* SBJsonWriter.h */ = {isa = PBXFileReference; fileEncoding = 4; lastKnownFileType = sourcecode.c.h; path = SBJsonWriter.h; sourceTree = "<group>"; };
		A07FE80F13EBCFFB00567B09 /* SBJsonWriter.m */ = {isa = PBXFileReference; fileEncoding = 4; lastKnownFileType = sourcecode.c.objc; path = SBJsonWriter.m; sourceTree = "<group>"; };
		A080846D13C56B7D00DEC160 /* StopRouteChooserViewController.h */ = {isa = PBXFileReference; fileEncoding = 4; lastKnownFileType = sourcecode.c.h; path = StopRouteChooserViewController.h; sourceTree = "<group>"; };
		A080846E13C56B7D00DEC160 /* StopRouteChooserViewController.m */ = {isa = PBXFileReference; fileEncoding = 4; lastKnownFileType = sourcecode.c.objc; path = StopRouteChooserViewController.m; sourceTree = "<group>"; };
		A080846F13C56B7D00DEC160 /* StopRouteChooserViewController.xib */ = {isa = PBXFileReference; fileEncoding = 4; lastKnownFileType = file.xib; path = StopRouteChooserViewController.xib; sourceTree = "<group>"; };
		A0B2353D13F751E400018A59 /* TranslinkColors.h */ = {isa = PBXFileReference; fileEncoding = 4; lastKnownFileType = sourcecode.c.h; path = TranslinkColors.h; sourceTree = "<group>"; };
		A0B2353E13F751E400018A59 /* TranslinkColors.m */ = {isa = PBXFileReference; fileEncoding = 4; lastKnownFileType = sourcecode.c.objc; path = TranslinkColors.m; sourceTree = "<group>"; };
		A0B2354613F7643600018A59 /* indicator.png */ = {isa = PBXFileReference; lastKnownFileType = image.png; path = indicator.png; sourceTree = "<group>"; };
		A0BEB29613C8634300F5F29F /* WatchedStopRoutesCollection.h */ = {isa = PBXFileReference; fileEncoding = 4; lastKnownFileType = sourcecode.c.h; path = WatchedStopRoutesCollection.h; sourceTree = "<group>"; };
		A0BEB29713C8634300F5F29F /* WatchedStopRoutesCollection.m */ = {isa = PBXFileReference; fileEncoding = 4; lastKnownFileType = sourcecode.c.objc; path = WatchedStopRoutesCollection.m; sourceTree = "<group>"; };
		A0D89D1E13F89A2F0094FA13 /* MBProgressHUD.h */ = {isa = PBXFileReference; fileEncoding = 4; lastKnownFileType = sourcecode.c.h; path = MBProgressHUD.h; sourceTree = "<group>"; };
		A0D89D1F13F89A2F0094FA13 /* MBProgressHUD.m */ = {isa = PBXFileReference; fileEncoding = 4; lastKnownFileType = sourcecode.c.objc; path = MBProgressHUD.m; sourceTree = "<group>"; };
		A0D89D2113F8ACF60094FA13 /* AbstractFancyViewController.h */ = {isa = PBXFileReference; fileEncoding = 4; lastKnownFileType = sourcecode.c.h; path = AbstractFancyViewController.h; sourceTree = "<group>"; };
		A0D89D2213F8ACF60094FA13 /* AbstractFancyViewController.m */ = {isa = PBXFileReference; fileEncoding = 4; lastKnownFileType = sourcecode.c.objc; path = AbstractFancyViewController.m; sourceTree = "<group>"; };
		A0D89D2413F8BDB50094FA13 /* AboutViewController.h */ = {isa = PBXFileReference; fileEncoding = 4; lastKnownFileType = sourcecode.c.h; path = AboutViewController.h; sourceTree = "<group>"; };
		A0D89D2513F8BDB50094FA13 /* AboutViewController.m */ = {isa = PBXFileReference; fileEncoding = 4; lastKnownFileType = sourcecode.c.objc; path = AboutViewController.m; sourceTree = "<group>"; };
		A0D89D2613F8BDB50094FA13 /* AboutViewController.xib */ = {isa = PBXFileReference; fileEncoding = 4; lastKnownFileType = file.xib; path = AboutViewController.xib; sourceTree = "<group>"; };
		A0F3056513F86162004F431A /* preferences.png */ = {isa = PBXFileReference; lastKnownFileType = image.png; path = preferences.png; sourceTree = "<group>"; };
		A0F3057213F86162004F431A /* star.png */ = {isa = PBXFileReference; lastKnownFileType = image.png; path = star.png; sourceTree = "<group>"; };
		A0F3057513F86162004F431A /* world.png */ = {isa = PBXFileReference; lastKnownFileType = image.png; path = world.png; sourceTree = "<group>"; };
/* End PBXFileReference section */

/* Begin PBXFrameworksBuildPhase section */
		A063462013BC537300CB5168 /* Frameworks */ = {
			isa = PBXFrameworksBuildPhase;
			buildActionMask = 2147483647;
			files = (
				A01AFFAE1400D2C800C2A0B2 /* AudioToolbox.framework in Frameworks */,
				A063462813BC537300CB5168 /* UIKit.framework in Frameworks */,
				A063462A13BC537300CB5168 /* Foundation.framework in Frameworks */,
				A063462C13BC537300CB5168 /* CoreGraphics.framework in Frameworks */,
			);
			runOnlyForDeploymentPostprocessing = 0;
		};
		A063464313BC537300CB5168 /* Frameworks */ = {
			isa = PBXFrameworksBuildPhase;
			buildActionMask = 2147483647;
			files = (
				A063464813BC537300CB5168 /* UIKit.framework in Frameworks */,
				A063464913BC537300CB5168 /* Foundation.framework in Frameworks */,
				A063464A13BC537300CB5168 /* CoreGraphics.framework in Frameworks */,
			);
			runOnlyForDeploymentPostprocessing = 0;
		};
/* End PBXFrameworksBuildPhase section */

/* Begin PBXGroup section */
		A01AFFAA1400CE4100C2A0B2 /* Sounds */ = {
			isa = PBXGroup;
			children = (
				A01AFFB51400D87500C2A0B2 /* click.wav */,
			);
			name = Sounds;
			sourceTree = "<group>";
		};
		A063461813BC537300CB5168 = {
			isa = PBXGroup;
			children = (
				A01AFFAD1400D2C800C2A0B2 /* AudioToolbox.framework */,
				A00773D31400582800EC71A6 /* Bussy-Icon.png */,
				A01AFFCD1400E7B400C2A0B2 /* Default.png */,
				A01AFFCE1400E7B400C2A0B2 /* Default@2x.png */,
				A00773D11400581D00EC71A6 /* Bussy-Icon-Retina.png */,
				A0D89D1C13F89A1B0094FA13 /* MBProgressHUD */,
				A07523F213BD7216000D9419 /* JSON */,
				A063462D13BC537300CB5168 /* Bussy */,
				A063464D13BC537300CB5168 /* BussyTests */,
				A063462613BC537300CB5168 /* Frameworks */,
				A063462413BC537300CB5168 /* Products */,
			);
			sourceTree = "<group>";
		};
		A063462413BC537300CB5168 /* Products */ = {
			isa = PBXGroup;
			children = (
				A063462313BC537300CB5168 /* Bussy.app */,
				A063464713BC537300CB5168 /* BussyTests.octest */,
			);
			name = Products;
			sourceTree = "<group>";
		};
		A063462613BC537300CB5168 /* Frameworks */ = {
			isa = PBXGroup;
			children = (
				A063462713BC537300CB5168 /* UIKit.framework */,
				A063462913BC537300CB5168 /* Foundation.framework */,
				A063462B13BC537300CB5168 /* CoreGraphics.framework */,
			);
			name = Frameworks;
			sourceTree = "<group>";
		};
		A063462D13BC537300CB5168 /* Bussy */ = {
			isa = PBXGroup;
			children = (
				A07BE4E513C7F7E9008CE68D /* Model */,
				A07BE4E413C7F7CC008CE68D /* ViewControllers */,
				A07BE4E213C7F7A2008CE68D /* Resources */,
				A063463613BC537300CB5168 /* BussyAppDelegate.h */,
				A063463713BC537300CB5168 /* BussyAppDelegate.m */,
				A063462E13BC537300CB5168 /* Supporting Files */,
				A0B2353D13F751E400018A59 /* TranslinkColors.h */,
				A0B2353E13F751E400018A59 /* TranslinkColors.m */,
			);
			path = Bussy;
			sourceTree = "<group>";
		};
		A063462E13BC537300CB5168 /* Supporting Files */ = {
			isa = PBXGroup;
			children = (
				A063462F13BC537300CB5168 /* Bussy-Info.plist */,
				A063463013BC537300CB5168 /* InfoPlist.strings */,
				A063463313BC537300CB5168 /* Bussy-Prefix.pch */,
				A063463413BC537300CB5168 /* main.m */,
			);
			name = "Supporting Files";
			sourceTree = "<group>";
		};
		A063464D13BC537300CB5168 /* BussyTests */ = {
			isa = PBXGroup;
			children = (
				A063465413BC537300CB5168 /* BussyTests.h */,
				A063465613BC537300CB5168 /* BussyTests.m */,
				A063464E13BC537300CB5168 /* Supporting Files */,
			);
			path = BussyTests;
			sourceTree = "<group>";
		};
		A063464E13BC537300CB5168 /* Supporting Files */ = {
			isa = PBXGroup;
			children = (
				A063464F13BC537300CB5168 /* BussyTests-Info.plist */,
				A063465013BC537300CB5168 /* InfoPlist.strings */,
				A063465313BC537300CB5168 /* BussyTests-Prefix.pch */,
			);
			name = "Supporting Files";
			sourceTree = "<group>";
		};
		A07523F213BD7216000D9419 /* JSON */ = {
			isa = PBXGroup;
			children = (
				A07FE7F913EBCFFB00567B09 /* NSObject+SBJson.h */,
				A07FE7FA13EBCFFB00567B09 /* NSObject+SBJson.m */,
				A07FE7FB13EBCFFB00567B09 /* SBJson.h */,
				A07FE7FC13EBCFFB00567B09 /* SBJsonParser.h */,
				A07FE7FD13EBCFFB00567B09 /* SBJsonParser.m */,
				A07FE7FE13EBCFFB00567B09 /* SBJsonStreamParser.h */,
				A07FE7FF13EBCFFB00567B09 /* SBJsonStreamParser.m */,
				A07FE80013EBCFFB00567B09 /* SBJsonStreamParserAccumulator.h */,
				A07FE80113EBCFFB00567B09 /* SBJsonStreamParserAccumulator.m */,
				A07FE80213EBCFFB00567B09 /* SBJsonStreamParserState.h */,
				A07FE80313EBCFFB00567B09 /* SBJsonStreamParserState.m */,
				A07FE80413EBCFFB00567B09 /* SBJsonStreamWriter.h */,
				A07FE80513EBCFFB00567B09 /* SBJsonStreamWriter.m */,
				A07FE80613EBCFFB00567B09 /* SBJsonStreamWriterAccumulator.h */,
				A07FE80713EBCFFB00567B09 /* SBJsonStreamWriterAccumulator.m */,
				A07FE80813EBCFFB00567B09 /* SBJsonStreamWriterState.h */,
				A07FE80913EBCFFB00567B09 /* SBJsonStreamWriterState.m */,
				A07FE80A13EBCFFB00567B09 /* SBJsonTokeniser.h */,
				A07FE80B13EBCFFB00567B09 /* SBJsonTokeniser.m */,
				A07FE80C13EBCFFB00567B09 /* SBJsonUTF8Stream.h */,
				A07FE80D13EBCFFB00567B09 /* SBJsonUTF8Stream.m */,
				A07FE80E13EBCFFB00567B09 /* SBJsonWriter.h */,
				A07FE80F13EBCFFB00567B09 /* SBJsonWriter.m */,
			);
			name = JSON;
			path = Bussy;
			sourceTree = "<group>";
		};
		A07BE4E213C7F7A2008CE68D /* Resources */ = {
			isa = PBXGroup;
			children = (
				A01AFFAA1400CE4100C2A0B2 /* Sounds */,
				A0B3621413F71A940032F8B4 /* Images */,
				A05B65EA13C828020039D219 /* StopRouteDetailsViewController.xib */,
				A009DFFE14007D53006E1976 /* BussyTableHeaderView.xib */,
				A0D89D2613F8BDB50094FA13 /* AboutViewController.xib */,
				A063463913BC537300CB5168 /* MainWindow.xib */,
				A07E596813C16CE5004EBC0D /* AddStopViewController.xib */,
				A063463F13BC537300CB5168 /* MyRoutesViewController.xib */,
				A080846F13C56B7D00DEC160 /* StopRouteChooserViewController.xib */,
			);
			name = Resources;
			sourceTree = "<group>";
		};
		A07BE4E413C7F7CC008CE68D /* ViewControllers */ = {
			isa = PBXGroup;
			children = (
				A009DFFB14007D19006E1976 /* BussyTableHeaderView.h */,
				A009DFFC14007D19006E1976 /* BussyTableHeaderView.m */,
				A05B65E813C828020039D219 /* StopRouteDetailsViewController.h */,
				A05B65E913C828020039D219 /* StopRouteDetailsViewController.m */,
				A07E596613C16CE5004EBC0D /* AddStopViewController.h */,
				A07E596713C16CE5004EBC0D /* AddStopViewController.m */,
				A063463C13BC537300CB5168 /* MyRoutesViewController.h */,
				A063463D13BC537300CB5168 /* MyRoutesViewController.m */,
				A080846D13C56B7D00DEC160 /* StopRouteChooserViewController.h */,
				A080846E13C56B7D00DEC160 /* StopRouteChooserViewController.m */,
				A0D89D2113F8ACF60094FA13 /* AbstractFancyViewController.h */,
				A0D89D2213F8ACF60094FA13 /* AbstractFancyViewController.m */,
				A0D89D2413F8BDB50094FA13 /* AboutViewController.h */,
				A0D89D2513F8BDB50094FA13 /* AboutViewController.m */,
			);
			name = ViewControllers;
			sourceTree = "<group>";
		};
		A07BE4E513C7F7E9008CE68D /* Model */ = {
			isa = PBXGroup;
			children = (
				A063466013BC5AFA00CB5168 /* TranslinkAdapter.h */,
				A063466113BC5AFA00CB5168 /* TranslinkAdapter.m */,
				A063466313BC5B8E00CB5168 /* StopRoute.h */,
				A063466413BC5B8E00CB5168 /* StopRoute.m */,
				A02B3E5B13BD83E7009FCCE3 /* Stop.h */,
				A02B3E5C13BD83E7009FCCE3 /* Stop.m */,
				A07BE4E613C7F841008CE68D /* TranslinkObject.h */,
				A07BE4E913C806DA008CE68D /* StopRouteCollection.h */,
				A07BE4EA13C806DA008CE68D /* StopRouteCollection.m */,
				A0BEB29613C8634300F5F29F /* WatchedStopRoutesCollection.h */,
				A0BEB29713C8634300F5F29F /* WatchedStopRoutesCollection.m */,
			);
			name = Model;
			sourceTree = "<group>";
		};
		A0B3621413F71A940032F8B4 /* Images */ = {
			isa = PBXGroup;
			children = (
				A01AFFCB1400E67600C2A0B2 /* SectionHeaderBackground.png */,
				A01AFFC51400E1D800C2A0B2 /* Background.png */,
				A01AFFBB1400DE0100C2A0B2 /* topAndBottomRowSelected.png */,
				A01AFFB71400DD4D00C2A0B2 /* topAndBottomRow.png */,
				A0F3043413F860A8004F431A /* AppBits Tab Bar Icons */,
				A0B2354613F7643600018A59 /* indicator.png */,
				A00E7D2013F8D7C6005CFAEC /* indicator@2x.png */,
			);
			name = Images;
			sourceTree = "<group>";
		};
		A0D89D1C13F89A1B0094FA13 /* MBProgressHUD */ = {
			isa = PBXGroup;
			children = (
				A0D89D1E13F89A2F0094FA13 /* MBProgressHUD.h */,
				A0D89D1F13F89A2F0094FA13 /* MBProgressHUD.m */,
			);
			name = MBProgressHUD;
			sourceTree = "<group>";
		};
		A0F3043413F860A8004F431A /* AppBits Tab Bar Icons */ = {
			isa = PBXGroup;
			children = (
				A00E7D1E13F8D742005CFAEC /* preferences@2x.png */,
				A00E7D1C13F8D731005CFAEC /* star@2x.png */,
				A00E7D1A13F8D720005CFAEC /* world@2x.png */,
				A0F3056513F86162004F431A /* preferences.png */,
				A0F3057213F86162004F431A /* star.png */,
				A0F3057513F86162004F431A /* world.png */,
			);
			name = "AppBits Tab Bar Icons";
			sourceTree = "<group>";
		};
/* End PBXGroup section */

/* Begin PBXNativeTarget section */
		A063462213BC537300CB5168 /* Bussy */ = {
			isa = PBXNativeTarget;
			buildConfigurationList = A063465A13BC537300CB5168 /* Build configuration list for PBXNativeTarget "Bussy" */;
			buildPhases = (
				A063461F13BC537300CB5168 /* Sources */,
				A063462013BC537300CB5168 /* Frameworks */,
				A063462113BC537300CB5168 /* Resources */,
			);
			buildRules = (
			);
			dependencies = (
			);
			name = Bussy;
			productName = Bussy;
			productReference = A063462313BC537300CB5168 /* Bussy.app */;
			productType = "com.apple.product-type.application";
		};
		A063464613BC537300CB5168 /* BussyTests */ = {
			isa = PBXNativeTarget;
			buildConfigurationList = A063465D13BC537300CB5168 /* Build configuration list for PBXNativeTarget "BussyTests" */;
			buildPhases = (
				A063464213BC537300CB5168 /* Sources */,
				A063464313BC537300CB5168 /* Frameworks */,
				A063464413BC537300CB5168 /* Resources */,
				A063464513BC537300CB5168 /* ShellScript */,
			);
			buildRules = (
			);
			dependencies = (
				A063464C13BC537300CB5168 /* PBXTargetDependency */,
			);
			name = BussyTests;
			productName = BussyTests;
			productReference = A063464713BC537300CB5168 /* BussyTests.octest */;
			productType = "com.apple.product-type.bundle";
		};
/* End PBXNativeTarget section */

/* Begin PBXProject section */
		A063461A13BC537300CB5168 /* Project object */ = {
			isa = PBXProject;
			attributes = {
				LastUpgradeCheck = 0420;
			};
			buildConfigurationList = A063461D13BC537300CB5168 /* Build configuration list for PBXProject "Bussy" */;
			compatibilityVersion = "Xcode 3.2";
			developmentRegion = English;
			hasScannedForEncodings = 0;
			knownRegions = (
				en,
			);
			mainGroup = A063461813BC537300CB5168;
			productRefGroup = A063462413BC537300CB5168 /* Products */;
			projectDirPath = "";
			projectRoot = "";
			targets = (
				A063462213BC537300CB5168 /* Bussy */,
				A063464613BC537300CB5168 /* BussyTests */,
			);
		};
/* End PBXProject section */

/* Begin PBXResourcesBuildPhase section */
		A063462113BC537300CB5168 /* Resources */ = {
			isa = PBXResourcesBuildPhase;
			buildActionMask = 2147483647;
			files = (
				A063463213BC537300CB5168 /* InfoPlist.strings in Resources */,
				A063463B13BC537300CB5168 /* MainWindow.xib in Resources */,
				A063464113BC537300CB5168 /* MyRoutesViewController.xib in Resources */,
				A07E596A13C16CE5004EBC0D /* AddStopViewController.xib in Resources */,
				A080847113C56B7D00DEC160 /* StopRouteChooserViewController.xib in Resources */,
				A05B65EC13C828020039D219 /* StopRouteDetailsViewController.xib in Resources */,
				A0B2354713F7643600018A59 /* indicator.png in Resources */,
				A0F305A513F86162004F431A /* preferences.png in Resources */,
				A0F305B213F86162004F431A /* star.png in Resources */,
				A0F305B513F86162004F431A /* world.png in Resources */,
				A0D89D2813F8BDB50094FA13 /* AboutViewController.xib in Resources */,
				A00E7D1B13F8D720005CFAEC /* world@2x.png in Resources */,
				A00E7D1D13F8D731005CFAEC /* star@2x.png in Resources */,
				A00E7D1F13F8D742005CFAEC /* preferences@2x.png in Resources */,
				A00E7D2113F8D7C6005CFAEC /* indicator@2x.png in Resources */,
				A00773D21400581D00EC71A6 /* Bussy-Icon-Retina.png in Resources */,
				A00773D41400582800EC71A6 /* Bussy-Icon.png in Resources */,
				A009DFFF14007D53006E1976 /* BussyTableHeaderView.xib in Resources */,
				A01AFFB61400D87500C2A0B2 /* click.wav in Resources */,
				A01AFFB91400DD4D00C2A0B2 /* topAndBottomRow.png in Resources */,
				A01AFFBC1400DE0100C2A0B2 /* topAndBottomRowSelected.png in Resources */,
				A01AFFC61400E1D800C2A0B2 /* Background.png in Resources */,
				A01AFFCC1400E67600C2A0B2 /* SectionHeaderBackground.png in Resources */,
				A01AFFCF1400E7B400C2A0B2 /* Default.png in Resources */,
				A01AFFD01400E7B400C2A0B2 /* Default@2x.png in Resources */,
			);
			runOnlyForDeploymentPostprocessing = 0;
		};
		A063464413BC537300CB5168 /* Resources */ = {
			isa = PBXResourcesBuildPhase;
			buildActionMask = 2147483647;
			files = (
				A063465213BC537300CB5168 /* InfoPlist.strings in Resources */,
				A063465513BC537300CB5168 /* BussyTests.h in Resources */,
			);
			runOnlyForDeploymentPostprocessing = 0;
		};
/* End PBXResourcesBuildPhase section */

/* Begin PBXShellScriptBuildPhase section */
		A063464513BC537300CB5168 /* ShellScript */ = {
			isa = PBXShellScriptBuildPhase;
			buildActionMask = 2147483647;
			files = (
			);
			inputPaths = (
			);
			outputPaths = (
			);
			runOnlyForDeploymentPostprocessing = 0;
			shellPath = /bin/sh;
			shellScript = "# Run the unit tests in this test bundle.\n\"${SYSTEM_DEVELOPER_DIR}/Tools/RunUnitTests\"\n";
		};
/* End PBXShellScriptBuildPhase section */

/* Begin PBXSourcesBuildPhase section */
		A063461F13BC537300CB5168 /* Sources */ = {
			isa = PBXSourcesBuildPhase;
			buildActionMask = 2147483647;
			files = (
				A063463513BC537300CB5168 /* main.m in Sources */,
				A063463813BC537300CB5168 /* BussyAppDelegate.m in Sources */,
				A063463E13BC537300CB5168 /* MyRoutesViewController.m in Sources */,
				A063466213BC5AFA00CB5168 /* TranslinkAdapter.m in Sources */,
				A063466513BC5B8E00CB5168 /* StopRoute.m in Sources */,
				A02B3E5D13BD83E7009FCCE3 /* Stop.m in Sources */,
				A07E596913C16CE5004EBC0D /* AddStopViewController.m in Sources */,
				A080847013C56B7D00DEC160 /* StopRouteChooserViewController.m in Sources */,
				A07BE4EB13C806DA008CE68D /* StopRouteCollection.m in Sources */,
				A05B65EB13C828020039D219 /* StopRouteDetailsViewController.m in Sources */,
				A0BEB29813C8634300F5F29F /* WatchedStopRoutesCollection.m in Sources */,
				A07FE81013EBCFFB00567B09 /* NSObject+SBJson.m in Sources */,
				A07FE81113EBCFFB00567B09 /* SBJsonParser.m in Sources */,
				A07FE81213EBCFFB00567B09 /* SBJsonStreamParser.m in Sources */,
				A07FE81313EBCFFB00567B09 /* SBJsonStreamParserAccumulator.m in Sources */,
				A07FE81413EBCFFB00567B09 /* SBJsonStreamParserState.m in Sources */,
				A07FE81513EBCFFB00567B09 /* SBJsonStreamWriter.m in Sources */,
				A07FE81613EBCFFB00567B09 /* SBJsonStreamWriterAccumulator.m in Sources */,
				A07FE81713EBCFFB00567B09 /* SBJsonStreamWriterState.m in Sources */,
				A07FE81813EBCFFB00567B09 /* SBJsonTokeniser.m in Sources */,
				A07FE81913EBCFFB00567B09 /* SBJsonUTF8Stream.m in Sources */,
				A07FE81A13EBCFFB00567B09 /* SBJsonWriter.m in Sources */,
				A0B2353F13F751E400018A59 /* TranslinkColors.m in Sources */,
				A0D89D2013F89A2F0094FA13 /* MBProgressHUD.m in Sources */,
				A0D89D2313F8ACF60094FA13 /* AbstractFancyViewController.m in Sources */,
				A0D89D2713F8BDB50094FA13 /* AboutViewController.m in Sources */,
				A009DFFD14007D19006E1976 /* BussyTableHeaderView.m in Sources */,
			);
			runOnlyForDeploymentPostprocessing = 0;
		};
		A063464213BC537300CB5168 /* Sources */ = {
			isa = PBXSourcesBuildPhase;
			buildActionMask = 2147483647;
			files = (
				A063465713BC537300CB5168 /* BussyTests.m in Sources */,
			);
			runOnlyForDeploymentPostprocessing = 0;
		};
/* End PBXSourcesBuildPhase section */

/* Begin PBXTargetDependency section */
		A063464C13BC537300CB5168 /* PBXTargetDependency */ = {
			isa = PBXTargetDependency;
			target = A063462213BC537300CB5168 /* Bussy */;
			targetProxy = A063464B13BC537300CB5168 /* PBXContainerItemProxy */;
		};
/* End PBXTargetDependency section */

/* Begin PBXVariantGroup section */
		A063463013BC537300CB5168 /* InfoPlist.strings */ = {
			isa = PBXVariantGroup;
			children = (
				A063463113BC537300CB5168 /* en */,
			);
			name = InfoPlist.strings;
			sourceTree = "<group>";
		};
		A063463913BC537300CB5168 /* MainWindow.xib */ = {
			isa = PBXVariantGroup;
			children = (
				A063463A13BC537300CB5168 /* en */,
			);
			name = MainWindow.xib;
			sourceTree = "<group>";
		};
		A063463F13BC537300CB5168 /* MyRoutesViewController.xib */ = {
			isa = PBXVariantGroup;
			children = (
				A063464013BC537300CB5168 /* en */,
			);
			name = MyRoutesViewController.xib;
			sourceTree = "<group>";
		};
		A063465013BC537300CB5168 /* InfoPlist.strings */ = {
			isa = PBXVariantGroup;
			children = (
				A063465113BC537300CB5168 /* en */,
			);
			name = InfoPlist.strings;
			sourceTree = "<group>";
		};
/* End PBXVariantGroup section */

/* Begin XCBuildConfiguration section */
		A063465813BC537300CB5168 /* Debug */ = {
			isa = XCBuildConfiguration;
			buildSettings = {
				ARCHS = "$(ARCHS_STANDARD_32_BIT)";
				"CODE_SIGN_IDENTITY[sdk=iphoneos*]" = "iPhone Developer";
				GCC_C_LANGUAGE_STANDARD = gnu99;
				GCC_OPTIMIZATION_LEVEL = 0;
				GCC_PREPROCESSOR_DEFINITIONS = DEBUG;
				GCC_SYMBOLS_PRIVATE_EXTERN = NO;
				GCC_VERSION = com.apple.compilers.llvmgcc42;
				GCC_WARN_ABOUT_RETURN_TYPE = YES;
				GCC_WARN_UNUSED_VARIABLE = YES;
				IPHONEOS_DEPLOYMENT_TARGET = 3.0;
				SDKROOT = iphoneos;
			};
			name = Debug;
		};
		A063465913BC537300CB5168 /* Release */ = {
			isa = XCBuildConfiguration;
			buildSettings = {
				ARCHS = "$(ARCHS_STANDARD_32_BIT)";
				"CODE_SIGN_IDENTITY[sdk=iphoneos*]" = "iPhone Developer";
				GCC_C_LANGUAGE_STANDARD = gnu99;
				GCC_VERSION = com.apple.compilers.llvmgcc42;
				GCC_WARN_ABOUT_RETURN_TYPE = YES;
				GCC_WARN_UNUSED_VARIABLE = YES;
				IPHONEOS_DEPLOYMENT_TARGET = 3.0;
				OTHER_CFLAGS = "-DNS_BLOCK_ASSERTIONS=1";
				SDKROOT = iphoneos;
			};
			name = Release;
		};
		A063465B13BC537300CB5168 /* Debug */ = {
			isa = XCBuildConfiguration;
			buildSettings = {
				ALWAYS_SEARCH_USER_PATHS = NO;
				COPY_PHASE_STRIP = NO;
				GCC_DYNAMIC_NO_PIC = NO;
				GCC_PRECOMPILE_PREFIX_HEADER = YES;
				GCC_PREFIX_HEADER = "Bussy/Bussy-Prefix.pch";
				INFOPLIST_FILE = "Bussy/Bussy-Info.plist";
				IPHONEOS_DEPLOYMENT_TARGET = 4.0;
				PRODUCT_NAME = Bussy;
				WRAPPER_EXTENSION = app;
			};
			name = Debug;
		};
		A063465C13BC537300CB5168 /* Release */ = {
			isa = XCBuildConfiguration;
			buildSettings = {
				ALWAYS_SEARCH_USER_PATHS = NO;
				COPY_PHASE_STRIP = YES;
				GCC_PRECOMPILE_PREFIX_HEADER = YES;
				GCC_PREFIX_HEADER = "Bussy/Bussy-Prefix.pch";
				INFOPLIST_FILE = "Bussy/Bussy-Info.plist";
				IPHONEOS_DEPLOYMENT_TARGET = 4.0;
				PRODUCT_NAME = Bussy;
				VALIDATE_PRODUCT = YES;
				WRAPPER_EXTENSION = app;
			};
			name = Release;
		};
		A063465E13BC537300CB5168 /* Debug */ = {
			isa = XCBuildConfiguration;
			buildSettings = {
				ALWAYS_SEARCH_USER_PATHS = NO;
				BUNDLE_LOADER = "$(BUILT_PRODUCTS_DIR)/Bussy.app/Bussy";
				FRAMEWORK_SEARCH_PATHS = (
					"$(SDKROOT)/Developer/Library/Frameworks",
					"$(DEVELOPER_LIBRARY_DIR)/Frameworks",
				);
				GCC_PRECOMPILE_PREFIX_HEADER = YES;
				GCC_PREFIX_HEADER = "BussyTests/BussyTests-Prefix.pch";
				INFOPLIST_FILE = "BussyTests/BussyTests-Info.plist";
				OTHER_LDFLAGS = (
					"-framework",
					SenTestingKit,
				);
				PRODUCT_NAME = BussyTests;
				TEST_HOST = "$(BUNDLE_LOADER)";
				WRAPPER_EXTENSION = octest;
			};
			name = Debug;
		};
		A063465F13BC537300CB5168 /* Release */ = {
			isa = XCBuildConfiguration;
			buildSettings = {
				ALWAYS_SEARCH_USER_PATHS = NO;
				BUNDLE_LOADER = "$(BUILT_PRODUCTS_DIR)/Bussy.app/Bussy";
				FRAMEWORK_SEARCH_PATHS = (
					"$(SDKROOT)/Developer/Library/Frameworks",
					"$(DEVELOPER_LIBRARY_DIR)/Frameworks",
				);
				GCC_PRECOMPILE_PREFIX_HEADER = YES;
				GCC_PREFIX_HEADER = "BussyTests/BussyTests-Prefix.pch";
				INFOPLIST_FILE = "BussyTests/BussyTests-Info.plist";
				OTHER_LDFLAGS = (
					"-framework",
					SenTestingKit,
				);
				PRODUCT_NAME = BussyTests;
				TEST_HOST = "$(BUNDLE_LOADER)";
				WRAPPER_EXTENSION = octest;
			};
			name = Release;
		};
/* End XCBuildConfiguration section */

/* Begin XCConfigurationList section */
		A063461D13BC537300CB5168 /* Build configuration list for PBXProject "Bussy" */ = {
			isa = XCConfigurationList;
			buildConfigurations = (
				A063465813BC537300CB5168 /* Debug */,
				A063465913BC537300CB5168 /* Release */,
			);
			defaultConfigurationIsVisible = 0;
			defaultConfigurationName = Release;
		};
		A063465A13BC537300CB5168 /* Build configuration list for PBXNativeTarget "Bussy" */ = {
			isa = XCConfigurationList;
			buildConfigurations = (
				A063465B13BC537300CB5168 /* Debug */,
				A063465C13BC537300CB5168 /* Release */,
			);
			defaultConfigurationIsVisible = 0;
			defaultConfigurationName = Release;
		};
		A063465D13BC537300CB5168 /* Build configuration list for PBXNativeTarget "BussyTests" */ = {
			isa = XCConfigurationList;
			buildConfigurations = (
				A063465E13BC537300CB5168 /* Debug */,
				A063465F13BC537300CB5168 /* Release */,
			);
			defaultConfigurationIsVisible = 0;
			defaultConfigurationName = Release;
		};
/* End XCConfigurationList section */
	};
	rootObject = A063461A13BC537300CB5168 /* Project object */;
}
